<?xml version="1.0" encoding="UTF-8"?>
<Scheme
   LastUpgradeVersion = "0510"
   version = "1.8">
   <BuildAction
      parallelizeBuildables = "YES"
      buildImplicitDependencies = "YES">
      <BuildActionEntries>
         <BuildActionEntry
            buildForTesting = "YES"
            buildForRunning = "YES"
            buildForProfiling = "YES"
            buildForArchiving = "YES"
            buildForAnalyzing = "YES">
            <BuildableReference
               BuildableIdentifier = "primary"
               BlueprintIdentifier = "A92901160C12153400A5B0D8"
               BuildableName = "extract_DOP_grammar"
               BlueprintName = "DOP Grammar extraction"
               ReferencedContainer = "container:TreeTester.xcodeproj">
            </BuildableReference>
         </BuildActionEntry>
      </BuildActionEntries>
   </BuildAction>
   <TestAction
      selectedDebuggerIdentifier = "Xcode.DebuggerFoundation.Debugger.LLDB"
      selectedLauncherIdentifier = "Xcode.DebuggerFoundation.Launcher.GDB"
      shouldUseLaunchSchemeArgsEnv = "YES"
      buildConfiguration = "Debug">
      <Testables>
      </Testables>
   </TestAction>
   <LaunchAction
      selectedDebuggerIdentifier = "Xcode.DebuggerFoundation.Debugger.LLDB"
      selectedLauncherIdentifier = "Xcode.DebuggerFoundation.Launcher.GDB"
      displayScaleIsEnabled = "NO"
      displayScale = "1.00"
      launchStyle = "0"
      useCustomWorkingDirectory = "NO"
      buildConfiguration = "Debug"
      ignoresPersistentStateOnLaunch = "NO"
      debugDocumentVersioning = "YES"
      allowLocationSimulation = "YES">
      <BuildableProductRunnable>
         <BuildableReference
            BuildableIdentifier = "primary"
            BlueprintIdentifier = "A92901160C12153400A5B0D8"
            BuildableName = "extract_DOP_grammar"
            BlueprintName = "DOP Grammar extraction"
            ReferencedContainer = "container:TreeTester.xcodeproj">
         </BuildableReference>
      </BuildableProductRunnable>
      <CommandLineArguments>
         <CommandLineArgument
            argument = "&quot;/Users/ventzi/Desktop/&#x43a;&#x443;&#x440;&#x441;&#x43e;&#x432;&#x435; - &#x443;&#x43d;&#x438;&#x432;&#x435;&#x440;&#x441;&#x438;&#x442;&#x435;&#x442;/ATTEMPT/data/de-news/weaver/de-news.de.bitpar.clean&quot;"
            isEnabled = "NO">
         </CommandLineArgument>
         <CommandLineArgument
            argument = "&quot;/Users/ventzi/Desktop/&#x43a;&#x443;&#x440;&#x441;&#x43e;&#x432;&#x435; - &#x443;&#x43d;&#x438;&#x432;&#x435;&#x440;&#x441;&#x438;&#x442;&#x435;&#x442;/ATTEMPT/data/de-news/de-news.de.DOP.internal.only.txt&quot;"
            isEnabled = "NO">
         </CommandLineArgument>
         <CommandLineArgument
            argument = "&quot;/Users/ventzi/Desktop/&#x43a;&#x443;&#x440;&#x441;&#x43e;&#x432;&#x435; - &#x443;&#x43d;&#x438;&#x432;&#x435;&#x440;&#x441;&#x438;&#x442;&#x435;&#x442;/ATTEMPT/data/de-news/de-news.de.DOP.grammar.txt&quot;"
            isEnabled = "NO">
         </CommandLineArgument>
      </CommandLineArguments>
      <AdditionalOptions>
      </AdditionalOptions>
   </LaunchAction>
   <ProfileAction
      displayScaleIsEnabled = "NO"
      displayScale = "1.00"
      shouldUseLaunchSchemeArgsEnv = "YES"
      savedToolIdentifier = ""
      useCustomWorkingDirectory = "NO"
      buildConfiguration = "Release"
      debugDocumentVersioning = "YES">
      <BuildableProductRunnable>
         <BuildableReference
            BuildableIdentifier = "primary"
            BlueprintIdentifier = "A92901160C12153400A5B0D8"
            BuildableName = "extract_DOP_grammar"
            BlueprintName = "DOP Grammar extraction"
            ReferencedContainer = "container:TreeTester.xcodeproj">
         </BuildableReference>
      </BuildableProductRunnable>
   </ProfileAction>
   <AnalyzeAction
      buildConfiguration = "Debug">
   </AnalyzeAction>
   <ArchiveAction
      buildConfiguration = "Release"
      revealArchiveInOrganizer = "YES">
   </ArchiveAction>
</Scheme>
