<?xml version="1.0" encoding="UTF-8"?>
<Scheme
   LastUpgradeVersion = "0510"
   version = "1.8">
   <BuildAction
      parallelizeBuildables = "YES"
      buildImplicitDependencies = "YES">
      <BuildActionEntries>
         <BuildActionEntry
            buildForTesting = "YES"
            buildForRunning = "YES"
            buildForProfiling = "YES"
            buildForArchiving = "YES"
            buildForAnalyzing = "YES">
            <BuildableReference
               BuildableIdentifier = "primary"
               BlueprintIdentifier = "A9AA26F20D0B3A2400E7BF44"
               BuildableName = "extract_DOT_grammar"
               BlueprintName = "DOT Grammar extraction"
               ReferencedContainer = "container:TreeTester.xcodeproj">
            </BuildableReference>
         </BuildActionEntry>
      </BuildActionEntries>
   </BuildAction>
   <TestAction
      selectedDebuggerIdentifier = "Xcode.DebuggerFoundation.Debugger.LLDB"
      selectedLauncherIdentifier = "Xcode.DebuggerFoundation.Launcher.GDB"
      shouldUseLaunchSchemeArgsEnv = "YES"
      buildConfiguration = "Debug">
      <Testables>
      </Testables>
   </TestAction>
   <LaunchAction
      selectedDebuggerIdentifier = "Xcode.DebuggerFoundation.Debugger.LLDB"
      selectedLauncherIdentifier = "Xcode.DebuggerFoundation.Launcher.GDB"
      displayScaleIsEnabled = "NO"
      displayScale = "1.00"
      launchStyle = "0"
      useCustomWorkingDirectory = "NO"
      buildConfiguration = "Debug"
      ignoresPersistentStateOnLaunch = "NO"
      debugDocumentVersioning = "YES"
      allowLocationSimulation = "YES">
      <BuildableProductRunnable>
         <BuildableReference
            BuildableIdentifier = "primary"
            BlueprintIdentifier = "A9AA26F20D0B3A2400E7BF44"
            BuildableName = "extract_DOT_grammar"
            BlueprintName = "DOT Grammar extraction"
            ReferencedContainer = "container:TreeTester.xcodeproj">
         </BuildableReference>
      </BuildableProductRunnable>
      <CommandLineArguments>
         <CommandLineArgument
            argument = "&quot;/Users/ventzi/Desktop/&#x43a;&#x443;&#x440;&#x441;&#x43e;&#x432;&#x435; - &#x443;&#x43d;&#x438;&#x432;&#x435;&#x440;&#x441;&#x438;&#x442;&#x435;&#x442;/ATTEMPT/software/TreeTester all/extract_DOT_grammar.cfg&quot;"
            isEnabled = "YES">
         </CommandLineArgument>
         <CommandLineArgument
            argument = "&quot;/Users/ventzi/Desktop/&#x43a;&#x443;&#x440;&#x441;&#x43e;&#x432;&#x435; - &#x443;&#x43d;&#x438;&#x432;&#x435;&#x440;&#x441;&#x438;&#x442;&#x435;&#x442;/ATTEMPT/data/ICHEC/&#x43d;&#x43e;&#x432;&#x438; &#x435;&#x43a;&#x441;&#x43f;&#x435;&#x440;&#x438;&#x43c;&#x435;&#x43d;&#x442;&#x438;/EuroParl 10K/100_25/&#x434;&#x430;&#x43d;&#x43d;&#x438;/str2str/skip1_score1/1/en2de/extract.cfg&quot;"
            isEnabled = "NO">
         </CommandLineArgument>
      </CommandLineArguments>
      <AdditionalOptions>
      </AdditionalOptions>
   </LaunchAction>
   <ProfileAction
      displayScaleIsEnabled = "NO"
      displayScale = "1.00"
      shouldUseLaunchSchemeArgsEnv = "YES"
      savedToolIdentifier = ""
      useCustomWorkingDirectory = "NO"
      buildConfiguration = "Release"
      debugDocumentVersioning = "YES">
      <BuildableProductRunnable>
         <BuildableReference
            BuildableIdentifier = "primary"
            BlueprintIdentifier = "A9AA26F20D0B3A2400E7BF44"
            BuildableName = "extract_DOT_grammar"
            BlueprintName = "DOT Grammar extraction"
            ReferencedContainer = "container:TreeTester.xcodeproj">
         </BuildableReference>
      </BuildableProductRunnable>
   </ProfileAction>
   <AnalyzeAction
      buildConfiguration = "Debug">
   </AnalyzeAction>
   <ArchiveAction
      buildConfiguration = "Release"
      revealArchiveInOrganizer = "YES">
   </ArchiveAction>
</Scheme>
